{
  "name": "angular-quickstart",
  "version": "1.0.0",
  "lockfileVersion": 1,
  "requires": true,
  "dependencies": {
    "@angular/common": {
      "version": "4.0.3",
      "resolved": "https://registry.npmjs.org/@angular/common/-/common-4.0.3.tgz",
      "integrity": "sha1-F0coletCXygSs6eRYrW0lNJQals="
    },
    "@angular/compiler": {
      "version": "4.0.3",
      "resolved": "https://registry.npmjs.org/@angular/compiler/-/compiler-4.0.3.tgz",
      "integrity": "sha1-izytM4rFOTKOEKakv6oFcJT3vIk="
    },
    "@angular/core": {
      "version": "4.0.3",
      "resolved": "https://registry.npmjs.org/@angular/core/-/core-4.0.3.tgz",
      "integrity": "sha1-Yb4h22qld44zFZ/9OMu+uvFhINk="
    },
    "@angular/forms": {
      "version": "4.0.3",
      "resolved": "https://registry.npmjs.org/@angular/forms/-/forms-4.0.3.tgz",
      "integrity": "sha1-+45uCu3ngr9Ycwox0RebMjJxgW4="
    },
    "@angular/http": {
      "version": "4.0.3",
      "resolved": "https://registry.npmjs.org/@angular/http/-/http-4.0.3.tgz",
      "integrity": "sha1-77twGiFex3BMAhZ2SEuF7Uc5L0s="
    },
    "@angular/platform-browser": {
      "version": "4.0.3",
      "resolved": "https://registry.npmjs.org/@angular/platform-browser/-/platform-browser-4.0.3.tgz",
      "integrity": "sha1-FwsY1a9O4Cskiqah8eBYSshBaB4="
    },
    "@angular/platform-browser-dynamic": {
      "version": "4.0.3",
      "resolved": "https://registry.npmjs.org/@angular/platform-browser-dynamic/-/platform-browser-dynamic-4.0.3.tgz",
      "integrity": "sha1-X6O5j3JZmbYx19cXTm5D3L9qqaw="
    },
    "@angular/router": {
      "version": "4.0.3",
      "resolved": "https://registry.npmjs.org/@angular/router/-/router-4.0.3.tgz",
      "integrity": "sha1-JBhOmxJmxK0BeyvoFXNGSx5MXfo="
    },
    "@types/jquery": {
      "version": "2.0.53",
      "resolved": "https://registry.npmjs.org/@types/jquery/-/jquery-2.0.53.tgz",
      "integrity": "sha512-MZKPWUhp5TKkoJ/58NSq6io+CSUCOHm2b3Z6U4+r9v70kktB0JM+eRjdp6YmDHtw0kK2XB7L2K7/FMIoziHjUA=="
    },
    "angular-in-memory-web-api": {
      "version": "0.3.2",
      "resolved": "https://registry.npmjs.org/angular-in-memory-web-api/-/angular-in-memory-web-api-0.3.2.tgz",
      "integrity": "sha1-iDbZ4lNNN7co88taHK9v4ef7vs0="
    },
    "bootstrap": {
      "version": "3.4.1",
      "resolved": "https://registry.npmjs.org/bootstrap/-/bootstrap-3.4.1.tgz",
      "integrity": "sha512-yN5oZVmRCwe5aKwzRj6736nSmKDX7pLYwsXiCj/EYmo16hODaBiT4En5btW/jhBF/seV+XMx3aYwukYC3A49DA=="
    },
    "core-js": {
      "version": "2.6.5",
      "resolved": "https://registry.npmjs.org/core-js/-/core-js-2.6.5.tgz",
      "integrity": "sha512-klh/kDpwX8hryYL14M9w/xei6vrv6sE8gTHDG7/T/+SEovB/G4ejwcfE/CBzO6Edsu+OETZMZ3wcX/EjUkrl5A=="
    },
    "jquery": {
      "version": "3.3.1",
      "resolved": "https://registry.npmjs.org/jquery/-/jquery-3.3.1.tgz",
      "integrity": "sha512-Ubldcmxp5np52/ENotGxlLe6aGMvmF4R8S6tZjsP6Knsaxd/xp3Zrh50cG93lR6nPXyUFwzN3ZSOQI0wRJNdGg=="
    },
    "rxjs": {
      "version": "5.0.1",
      "resolved": "https://registry.npmjs.org/rxjs/-/rxjs-5.0.1.tgz",
      "integrity": "sha1-Omm9+fDKCphjAzcNRwj3K9+sg1Y=",
      "requires": {
        "symbol-observable": "1.2.0"
      }
    },
    "symbol-observable": {
      "version": "1.2.0",
      "resolved": "https://registry.npmjs.org/symbol-observable/-/symbol-observable-1.2.0.tgz",
      "integrity": "sha512-e900nM8RRtGhlV36KGEU9k65K3mPb1WV70OdjfxlG2EAuM1noi/E/BaW/uMhL7bPEssK8QV57vN3esixjUvcXQ=="
    },
    "systemjs": {
      "version": "0.19.40",
      "resolved": "https://registry.npmjs.org/systemjs/-/systemjs-0.19.40.tgz",
      "integrity": "sha1-FY9kqfTvVBp/2mtA5SfuRrbFTNA=",
      "requires": {
        "when": "3.7.8"
      }
    },
    "typescript": {
      "version": "2.1.6",
      "resolved": "https://registry.npmjs.org/typescript/-/typescript-2.1.6.tgz",
      "integrity": "sha1-QMfm6eXaeWG3cYtVUF+crJSHpgc=",
      "dev": true
    },
    "when": {
      "version": "3.7.8",
      "resolved": "https://registry.npmjs.org/when/-/when-3.7.8.tgz",
      "integrity": "sha1-xxMLan6gRpPoQs3J56Hyqjmjn4I="
    },
    "zone.js": {
      "version": "0.8.29",
      "resolved": "https://registry.npmjs.org/zone.js/-/zone.js-0.8.29.tgz",
      "integrity": "sha512-mla2acNCMkWXBD+c+yeUrBUrzOxYMNFdQ6FGfigGGtEVBPJx07BQeJekjt9DmH1FtZek4E9rE1eRR9qQpxACOQ=="
    }
  }
}
